cubes:
  - name: knex_migrations_lock
    sql_table: knex_migrations_lock
    data_source: default

    joins: []

    dimensions: []

    measures:
      - name: count
        type: count

    pre_aggregations:
      # Pre-aggregation definitions go here.
      # Learn more in the documentation: https://cube.dev/docs/caching/pre-aggregations/getting-started

